
Microsoft Visual Studio Solution File, Format Version 11.00
# Visual Studio 2010
# SharpDevelop 5.1
Project("{FAE04EC0-301F-11D3-BF4B-00C04F79EFBC}") = "latihan4", "latihan4\latihan4.csproj", "{DC742479-8E73-4611-BE83-C21CF7954FCB}"
EndProject
Global
	GlobalSection(SolutionConfigurationPlatforms) = preSolution
		Debug|Any CPU = Debug|Any CPU
		Release|Any CPU = Release|Any CPU
	EndGlobalSection
	GlobalSection(ProjectConfigurationPlatforms) = postSolution
		{DC742479-8E73-4611-BE83-C21CF7954FCB}.Debug|Any CPU.ActiveCfg = Debug|Any CPU
		{DC742479-8E73-4611-BE83-C21CF7954FCB}.Debug|Any CPU.Build.0 = Debug|Any CPU
		{DC742479-8E73-4611-BE83-C21CF7954FCB}.Release|Any CPU.ActiveCfg = Release|Any CPU
		{DC742479-8E73-4611-BE83-C21CF7954FCB}.Release|Any CPU.Build.0 = Release|Any CPU
	EndGlobalSection
EndGlobal
