
Microsoft Visual Studio Solution File, Format Version 11.00
# Visual Studio 2010
# SharpDevelop 5.1
Project("{FAE04EC0-301F-11D3-BF4B-00C04F79EFBC}") = "latihan 4", "latihan 4\latihan 4.csproj", "{C1A383F0-AD4E-4FD4-A194-511C22DF3D20}"
EndProject
Global
	GlobalSection(SolutionConfigurationPlatforms) = preSolution
		Debug|Any CPU = Debug|Any CPU
		Release|Any CPU = Release|Any CPU
	EndGlobalSection
	GlobalSection(ProjectConfigurationPlatforms) = postSolution
		{C1A383F0-AD4E-4FD4-A194-511C22DF3D20}.Debug|Any CPU.ActiveCfg = Debug|Any CPU
		{C1A383F0-AD4E-4FD4-A194-511C22DF3D20}.Debug|Any CPU.Build.0 = Debug|Any CPU
		{C1A383F0-AD4E-4FD4-A194-511C22DF3D20}.Release|Any CPU.ActiveCfg = Release|Any CPU
		{C1A383F0-AD4E-4FD4-A194-511C22DF3D20}.Release|Any CPU.Build.0 = Release|Any CPU
	EndGlobalSection
EndGlobal
